// !$*UTF8*$!
{
	archiveVersion = 1;
	classes = {
	};
	objectVersion = 77;
	objects = {

/* Begin PBXBuildFile section */
		49F151FC2DE4BF3200573F48 /* Persistence.swift in Sources */ = {isa = PBXBuildFile; fileRef = 49F151FB2DE4BF3200573F48 /* Persistence.swift */; };
		49F1522F2DE4C42400573F48 /* WahiShareExt.appex in Embed Foundation Extensions */ = {isa = PBXBuildFile; fileRef = 49F152252DE4C42400573F48 /* WahiShareExt.appex */; settings = {ATTRIBUTES = (RemoveHeadersOnCopy, ); }; };
		49F1523D2DE4CE0700573F48 /* places.xcdatamodeld in Sources */ = {isa = PBXBuildFile; fileRef = 49F1523B2DE4CE0700573F48 /* places.xcdatamodeld */; };
		49F1523E2DE4CE0700573F48 /* places.xcdatamodeld in Sources */ = {isa = PBXBuildFile; fileRef = 49F1523B2DE4CE0700573F48 /* places.xcdatamodeld */; };
		49F1523F2DE4D0CF00573F48 /* Persistence.swift in Sources */ = {isa = PBXBuildFile; fileRef = 49F151FB2DE4BF3200573F48 /* Persistence.swift */; };
		49F152442DE4F3CA00573F48 /* CoreData.framework in Frameworks */ = {isa = PBXBuildFile; fileRef = 49F152432DE4F3CA00573F48 /* CoreData.framework */; };
		49F152452DE4F3D200573F48 /* CoreData.framework in Frameworks */ = {isa = PBXBuildFile; fileRef = 49F152432DE4F3CA00573F48 /* CoreData.framework */; };
/* End PBXBuildFile section */

/* Begin PBXContainerItemProxy section */
		49F152052DE4BF3200573F48 /* PBXContainerItemProxy */ = {
			isa = PBXContainerItemProxy;
			containerPortal = 49F151E72DE4BF3100573F48 /* Project object */;
			proxyType = 1;
			remoteGlobalIDString = 49F151EE2DE4BF3100573F48;
			remoteInfo = wahi;
		};
		49F1520F2DE4BF3200573F48 /* PBXContainerItemProxy */ = {
			isa = PBXContainerItemProxy;
			containerPortal = 49F151E72DE4BF3100573F48 /* Project object */;
			proxyType = 1;
			remoteGlobalIDString = 49F151EE2DE4BF3100573F48;
			remoteInfo = wahi;
		};
		49F1522D2DE4C42400573F48 /* PBXContainerItemProxy */ = {
			isa = PBXContainerItemProxy;
			containerPortal = 49F151E72DE4BF3100573F48 /* Project object */;
			proxyType = 1;
			remoteGlobalIDString = 49F152242DE4C42400573F48;
			remoteInfo = WahiShareExt;
		};
/* End PBXContainerItemProxy section */

/* Begin PBXCopyFilesBuildPhase section */
		49F152342DE4C42400573F48 /* Embed Foundation Extensions */ = {
			isa = PBXCopyFilesBuildPhase;
			buildActionMask = 2147483647;
			dstPath = "";
			dstSubfolderSpec = 13;
			files = (
				49F1522F2DE4C42400573F48 /* WahiShareExt.appex in Embed Foundation Extensions */,
			);
			name = "Embed Foundation Extensions";
			runOnlyForDeploymentPostprocessing = 0;
		};
/* End PBXCopyFilesBuildPhase section */

/* Begin PBXFileReference section */
		49F151EF2DE4BF3100573F48 /* wahi.app */ = {isa = PBXFileReference; explicitFileType = wrapper.application; includeInIndex = 0; path = wahi.app; sourceTree = BUILT_PRODUCTS_DIR; };
		49F151FB2DE4BF3200573F48 /* Persistence.swift */ = {isa = PBXFileReference; lastKnownFileType = sourcecode.swift; path = Persistence.swift; sourceTree = "<group>"; };
		49F152042DE4BF3200573F48 /* wahiTests.xctest */ = {isa = PBXFileReference; explicitFileType = wrapper.cfbundle; includeInIndex = 0; path = wahiTests.xctest; sourceTree = BUILT_PRODUCTS_DIR; };
		49F1520E2DE4BF3200573F48 /* wahiUITests.xctest */ = {isa = PBXFileReference; explicitFileType = wrapper.cfbundle; includeInIndex = 0; path = wahiUITests.xctest; sourceTree = BUILT_PRODUCTS_DIR; };
		49F152252DE4C42400573F48 /* WahiShareExt.appex */ = {isa = PBXFileReference; explicitFileType = "wrapper.app-extension"; includeInIndex = 0; path = WahiShareExt.appex; sourceTree = BUILT_PRODUCTS_DIR; };
		49F1523C2DE4CE0700573F48 /* places.xcdatamodel */ = {isa = PBXFileReference; lastKnownFileType = wrapper.xcdatamodel; path = places.xcdatamodel; sourceTree = "<group>"; };
		49F152432DE4F3CA00573F48 /* CoreData.framework */ = {isa = PBXFileReference; lastKnownFileType = wrapper.framework; name = CoreData.framework; path = System/Library/Frameworks/CoreData.framework; sourceTree = SDKROOT; };
/* End PBXFileReference section */

/* Begin PBXFileSystemSynchronizedBuildFileExceptionSet section */
		49F152302DE4C42400573F48 /* Exceptions for "WahiShareExt" folder in "WahiShareExt" target */ = {
			isa = PBXFileSystemSynchronizedBuildFileExceptionSet;
			membershipExceptions = (
				Info.plist,
			);
			target = 49F152242DE4C42400573F48 /* WahiShareExt */;
		};
/* End PBXFileSystemSynchronizedBuildFileExceptionSet section */

/* Begin PBXFileSystemSynchronizedRootGroup section */
		49F151F12DE4BF3100573F48 /* wahi */ = {
			isa = PBXFileSystemSynchronizedRootGroup;
			path = wahi;
			sourceTree = "<group>";
		};
		49F152072DE4BF3200573F48 /* wahiTests */ = {
			isa = PBXFileSystemSynchronizedRootGroup;
			path = wahiTests;
			sourceTree = "<group>";
		};
		49F152112DE4BF3200573F48 /* wahiUITests */ = {
			isa = PBXFileSystemSynchronizedRootGroup;
			path = wahiUITests;
			sourceTree = "<group>";
		};
		49F152262DE4C42400573F48 /* WahiShareExt */ = {
			isa = PBXFileSystemSynchronizedRootGroup;
			exceptions = (
				49F152302DE4C42400573F48 /* Exceptions for "WahiShareExt" folder in "WahiShareExt" target */,
			);
			path = WahiShareExt;
			sourceTree = "<group>";
		};
/* End PBXFileSystemSynchronizedRootGroup section */

/* Begin PBXFrameworksBuildPhase section */
		49F151EC2DE4BF3100573F48 /* Frameworks */ = {
			isa = PBXFrameworksBuildPhase;
			buildActionMask = 2147483647;
			files = (
				49F152442DE4F3CA00573F48 /* CoreData.framework in Frameworks */,
			);
			runOnlyForDeploymentPostprocessing = 0;
		};
		49F152012DE4BF3200573F48 /* Frameworks */ = {
			isa = PBXFrameworksBuildPhase;
			buildActionMask = 2147483647;
			files = (
			);
			runOnlyForDeploymentPostprocessing = 0;
		};
		49F1520B2DE4BF3200573F48 /* Frameworks */ = {
			isa = PBXFrameworksBuildPhase;
			buildActionMask = 2147483647;
			files = (
			);
			runOnlyForDeploymentPostprocessing = 0;
		};
		49F152222DE4C42400573F48 /* Frameworks */ = {
			isa = PBXFrameworksBuildPhase;
			buildActionMask = 2147483647;
			files = (
				49F152452DE4F3D200573F48 /* CoreData.framework in Frameworks */,
			);
			runOnlyForDeploymentPostprocessing = 0;
		};
/* End PBXFrameworksBuildPhase section */

/* Begin PBXGroup section */
		49F151E62DE4BF3100573F48 = {
			isa = PBXGroup;
			children = (
				49F152412DE4F29E00573F48 /* shared */,
				49F1523B2DE4CE0700573F48 /* places.xcdatamodeld */,
				49F151F12DE4BF3100573F48 /* wahi */,
				49F152072DE4BF3200573F48 /* wahiTests */,
				49F152112DE4BF3200573F48 /* wahiUITests */,
				49F152262DE4C42400573F48 /* WahiShareExt */,
				49F152422DE4F3CA00573F48 /* Frameworks */,
				49F151F02DE4BF3100573F48 /* Products */,
			);
			sourceTree = "<group>";
		};
		49F151F02DE4BF3100573F48 /* Products */ = {
			isa = PBXGroup;
			children = (
				49F151EF2DE4BF3100573F48 /* wahi.app */,
				49F152042DE4BF3200573F48 /* wahiTests.xctest */,
				49F1520E2DE4BF3200573F48 /* wahiUITests.xctest */,
				49F152252DE4C42400573F48 /* WahiShareExt.appex */,
			);
			name = Products;
			sourceTree = "<group>";
		};
		49F152412DE4F29E00573F48 /* shared */ = {
			isa = PBXGroup;
			children = (
				49F151FB2DE4BF3200573F48 /* Persistence.swift */,
			);
			path = shared;
			sourceTree = "<group>";
		};
		49F152422DE4F3CA00573F48 /* Frameworks */ = {
			isa = PBXGroup;
			children = (
				49F152432DE4F3CA00573F48 /* CoreData.framework */,
			);
			name = Frameworks;
			sourceTree = "<group>";
		};
/* End PBXGroup section */

/* Begin PBXNativeTarget section */
		49F151EE2DE4BF3100573F48 /* wahi */ = {
			isa = PBXNativeTarget;
			buildConfigurationList = 49F152182DE4BF3200573F48 /* Build configuration list for PBXNativeTarget "wahi" */;
			buildPhases = (
				49F151EB2DE4BF3100573F48 /* Sources */,
				49F151EC2DE4BF3100573F48 /* Frameworks */,
				49F151ED2DE4BF3100573F48 /* Resources */,
				49F152342DE4C42400573F48 /* Embed Foundation Extensions */,
			);
			buildRules = (
			);
			dependencies = (
				49F1522E2DE4C42400573F48 /* PBXTargetDependency */,
			);
			fileSystemSynchronizedGroups = (
				49F151F12DE4BF3100573F48 /* wahi */,
			);
			name = wahi;
			packageProductDependencies = (
			);
			productName = wahi;
			productReference = 49F151EF2DE4BF3100573F48 /* wahi.app */;
			productType = "com.apple.product-type.application";
		};
		49F152032DE4BF3200573F48 /* wahiTests */ = {
			isa = PBXNativeTarget;
			buildConfigurationList = 49F1521B2DE4BF3200573F48 /* Build configuration list for PBXNativeTarget "wahiTests" */;
			buildPhases = (
				49F152002DE4BF3200573F48 /* Sources */,
				49F152012DE4BF3200573F48 /* Frameworks */,
				49F152022DE4BF3200573F48 /* Resources */,
			);
			buildRules = (
			);
			dependencies = (
				49F152062DE4BF3200573F48 /* PBXTargetDependency */,
			);
			fileSystemSynchronizedGroups = (
				49F152072DE4BF3200573F48 /* wahiTests */,
			);
			name = wahiTests;
			packageProductDependencies = (
			);
			productName = wahiTests;
			productReference = 49F152042DE4BF3200573F48 /* wahiTests.xctest */;
			productType = "com.apple.product-type.bundle.unit-test";
		};
		49F1520D2DE4BF3200573F48 /* wahiUITests */ = {
			isa = PBXNativeTarget;
			buildConfigurationList = 49F1521E2DE4BF3200573F48 /* Build configuration list for PBXNativeTarget "wahiUITests" */;
			buildPhases = (
				49F1520A2DE4BF3200573F48 /* Sources */,
				49F1520B2DE4BF3200573F48 /* Frameworks */,
				49F1520C2DE4BF3200573F48 /* Resources */,
			);
			buildRules = (
			);
			dependencies = (
				49F152102DE4BF3200573F48 /* PBXTargetDependency */,
			);
			fileSystemSynchronizedGroups = (
				49F152112DE4BF3200573F48 /* wahiUITests */,
			);
			name = wahiUITests;
			packageProductDependencies = (
			);
			productName = wahiUITests;
			productReference = 49F1520E2DE4BF3200573F48 /* wahiUITests.xctest */;
			productType = "com.apple.product-type.bundle.ui-testing";
		};
		49F152242DE4C42400573F48 /* WahiShareExt */ = {
			isa = PBXNativeTarget;
			buildConfigurationList = 49F152312DE4C42400573F48 /* Build configuration list for PBXNativeTarget "WahiShareExt" */;
			buildPhases = (
				49F152212DE4C42400573F48 /* Sources */,
				49F152222DE4C42400573F48 /* Frameworks */,
				49F152232DE4C42400573F48 /* Resources */,
			);
			buildRules = (
			);
			dependencies = (
			);
			fileSystemSynchronizedGroups = (
				49F152262DE4C42400573F48 /* WahiShareExt */,
			);
			name = WahiShareExt;
			packageProductDependencies = (
			);
			productName = WahiShareExt;
			productReference = 49F152252DE4C42400573F48 /* WahiShareExt.appex */;
			productType = "com.apple.product-type.app-extension";
		};
/* End PBXNativeTarget section */

/* Begin PBXProject section */
		49F151E72DE4BF3100573F48 /* Project object */ = {
			isa = PBXProject;
			attributes = {
				BuildIndependentTargetsInParallel = 1;
				LastSwiftUpdateCheck = 1620;
				LastUpgradeCheck = 1620;
				TargetAttributes = {
					49F151EE2DE4BF3100573F48 = {
						CreatedOnToolsVersion = 16.2;
					};
					49F152032DE4BF3200573F48 = {
						CreatedOnToolsVersion = 16.2;
						TestTargetID = 49F151EE2DE4BF3100573F48;
					};
					49F1520D2DE4BF3200573F48 = {
						CreatedOnToolsVersion = 16.2;
						TestTargetID = 49F151EE2DE4BF3100573F48;
					};
					49F152242DE4C42400573F48 = {
						CreatedOnToolsVersion = 16.2;
					};
				};
			};
			buildConfigurationList = 49F151EA2DE4BF3100573F48 /* Build configuration list for PBXProject "wahi" */;
			developmentRegion = en;
			hasScannedForEncodings = 0;
			knownRegions = (
				en,
				Base,
			);
			mainGroup = 49F151E62DE4BF3100573F48;
			minimizedProjectReferenceProxies = 1;
			preferredProjectObjectVersion = 77;
			productRefGroup = 49F151F02DE4BF3100573F48 /* Products */;
			projectDirPath = "";
			projectRoot = "";
			targets = (
				49F151EE2DE4BF3100573F48 /* wahi */,
				49F152032DE4BF3200573F48 /* wahiTests */,
				49F1520D2DE4BF3200573F48 /* wahiUITests */,
				49F152242DE4C42400573F48 /* WahiShareExt */,
			);
		};
/* End PBXProject section */

/* Begin PBXResourcesBuildPhase section */
		49F151ED2DE4BF3100573F48 /* Resources */ = {
			isa = PBXResourcesBuildPhase;
			buildActionMask = 2147483647;
			files = (
			);
			runOnlyForDeploymentPostprocessing = 0;
		};
		49F152022DE4BF3200573F48 /* Resources */ = {
			isa = PBXResourcesBuildPhase;
			buildActionMask = 2147483647;
			files = (
			);
			runOnlyForDeploymentPostprocessing = 0;
		};
		49F1520C2DE4BF3200573F48 /* Resources */ = {
			isa = PBXResourcesBuildPhase;
			buildActionMask = 2147483647;
			files = (
			);
			runOnlyForDeploymentPostprocessing = 0;
		};
		49F152232DE4C42400573F48 /* Resources */ = {
			isa = PBXResourcesBuildPhase;
			buildActionMask = 2147483647;
			files = (
			);
			runOnlyForDeploymentPostprocessing = 0;
		};
/* End PBXResourcesBuildPhase section */

/* Begin PBXSourcesBuildPhase section */
		49F151EB2DE4BF3100573F48 /* Sources */ = {
			isa = PBXSourcesBuildPhase;
			buildActionMask = 2147483647;
			files = (
				49F151FC2DE4BF3200573F48 /* Persistence.swift in Sources */,
				49F1523E2DE4CE0700573F48 /* places.xcdatamodeld in Sources */,
			);
			runOnlyForDeploymentPostprocessing = 0;
		};
		49F152002DE4BF3200573F48 /* Sources */ = {
			isa = PBXSourcesBuildPhase;
			buildActionMask = 2147483647;
			files = (
			);
			runOnlyForDeploymentPostprocessing = 0;
		};
		49F1520A2DE4BF3200573F48 /* Sources */ = {
			isa = PBXSourcesBuildPhase;
			buildActionMask = 2147483647;
			files = (
			);
			runOnlyForDeploymentPostprocessing = 0;
		};
		49F152212DE4C42400573F48 /* Sources */ = {
			isa = PBXSourcesBuildPhase;
			buildActionMask = 2147483647;
			files = (
				49F1523F2DE4D0CF00573F48 /* Persistence.swift in Sources */,
				49F1523D2DE4CE0700573F48 /* places.xcdatamodeld in Sources */,
			);
			runOnlyForDeploymentPostprocessing = 0;
		};
/* End PBXSourcesBuildPhase section */

/* Begin PBXTargetDependency section */
		49F152062DE4BF3200573F48 /* PBXTargetDependency */ = {
			isa = PBXTargetDependency;
			target = 49F151EE2DE4BF3100573F48 /* wahi */;
			targetProxy = 49F152052DE4BF3200573F48 /* PBXContainerItemProxy */;
		};
		49F152102DE4BF3200573F48 /* PBXTargetDependency */ = {
			isa = PBXTargetDependency;
			target = 49F151EE2DE4BF3100573F48 /* wahi */;
			targetProxy = 49F1520F2DE4BF3200573F48 /* PBXContainerItemProxy */;
		};
		49F1522E2DE4C42400573F48 /* PBXTargetDependency */ = {
			isa = PBXTargetDependency;
			target = 49F152242DE4C42400573F48 /* WahiShareExt */;
			targetProxy = 49F1522D2DE4C42400573F48 /* PBXContainerItemProxy */;
		};
/* End PBXTargetDependency section */

/* Begin XCBuildConfiguration section */
		49F152162DE4BF3200573F48 /* Debug */ = {
			isa = XCBuildConfiguration;
			buildSettings = {
				ALWAYS_SEARCH_USER_PATHS = NO;
				ASSETCATALOG_COMPILER_GENERATE_SWIFT_ASSET_SYMBOL_EXTENSIONS = YES;
				CLANG_ANALYZER_NONNULL = YES;
				CLANG_ANALYZER_NUMBER_OBJECT_CONVERSION = YES_AGGRESSIVE;
				CLANG_CXX_LANGUAGE_STANDARD = "gnu++20";
				CLANG_ENABLE_MODULES = YES;
				CLANG_ENABLE_OBJC_ARC = YES;
				CLANG_ENABLE_OBJC_WEAK = YES;
				CLANG_WARN_BLOCK_CAPTURE_AUTORELEASING = YES;
				CLANG_WARN_BOOL_CONVERSION = YES;
				CLANG_WARN_COMMA = YES;
				CLANG_WARN_CONSTANT_CONVERSION = YES;
				CLANG_WARN_DEPRECATED_OBJC_IMPLEMENTATIONS = YES;
				CLANG_WARN_DIRECT_OBJC_ISA_USAGE = YES_ERROR;
				CLANG_WARN_DOCUMENTATION_COMMENTS = YES;
				CLANG_WARN_EMPTY_BODY = YES;
				CLANG_WARN_ENUM_CONVERSION = YES;
				CLANG_WARN_INFINITE_RECURSION = YES;
				CLANG_WARN_INT_CONVERSION = YES;
				CLANG_WARN_NON_LITERAL_NULL_CONVERSION = YES;
				CLANG_WARN_OBJC_IMPLICIT_RETAIN_SELF = YES;
				CLANG_WARN_OBJC_LITERAL_CONVERSION = YES;
				CLANG_WARN_OBJC_ROOT_CLASS = YES_ERROR;
				CLANG_WARN_QUOTED_INCLUDE_IN_FRAMEWORK_HEADER = YES;
				CLANG_WARN_RANGE_LOOP_ANALYSIS = YES;
				CLANG_WARN_STRICT_PROTOTYPES = YES;
				CLANG_WARN_SUSPICIOUS_MOVE = YES;
				CLANG_WARN_UNGUARDED_AVAILABILITY = YES_AGGRESSIVE;
				CLANG_WARN_UNREACHABLE_CODE = YES;
				CLANG_WARN__DUPLICATE_METHOD_MATCH = YES;
				COPY_PHASE_STRIP = NO;
				DEBUG_INFORMATION_FORMAT = dwarf;
				ENABLE_STRICT_OBJC_MSGSEND = YES;
				ENABLE_TESTABILITY = YES;
				ENABLE_USER_SCRIPT_SANDBOXING = YES;
				GCC_C_LANGUAGE_STANDARD = gnu17;
				GCC_DYNAMIC_NO_PIC = NO;
				GCC_NO_COMMON_BLOCKS = YES;
				GCC_OPTIMIZATION_LEVEL = 0;
				GCC_PREPROCESSOR_DEFINITIONS = (
					"DEBUG=1",
					"$(inherited)",
				);
				GCC_WARN_64_TO_32_BIT_CONVERSION = YES;
				GCC_WARN_ABOUT_RETURN_TYPE = YES_ERROR;
				GCC_WARN_UNDECLARED_SELECTOR = YES;
				GCC_WARN_UNINITIALIZED_AUTOS = YES_AGGRESSIVE;
				GCC_WARN_UNUSED_FUNCTION = YES;
				GCC_WARN_UNUSED_VARIABLE = YES;
				IPHONEOS_DEPLOYMENT_TARGET = 18.2;
				LOCALIZATION_PREFERS_STRING_CATALOGS = YES;
				MTL_ENABLE_DEBUG_INFO = INCLUDE_SOURCE;
				MTL_FAST_MATH = YES;
				ONLY_ACTIVE_ARCH = YES;
				SDKROOT = iphoneos;
				SWIFT_ACTIVE_COMPILATION_CONDITIONS = "DEBUG $(inherited)";
				SWIFT_OPTIMIZATION_LEVEL = "-Onone";
			};
			name = Debug;
		};
		49F152172DE4BF3200573F48 /* Release */ = {
			isa = XCBuildConfiguration;
			buildSettings = {
				ALWAYS_SEARCH_USER_PATHS = NO;
				ASSETCATALOG_COMPILER_GENERATE_SWIFT_ASSET_SYMBOL_EXTENSIONS = YES;
				CLANG_ANALYZER_NONNULL = YES;
				CLANG_ANALYZER_NUMBER_OBJECT_CONVERSION = YES_AGGRESSIVE;
				CLANG_CXX_LANGUAGE_STANDARD = "gnu++20";
				CLANG_ENABLE_MODULES = YES;
				CLANG_ENABLE_OBJC_ARC = YES;
				CLANG_ENABLE_OBJC_WEAK = YES;
				CLANG_WARN_BLOCK_CAPTURE_AUTORELEASING = YES;
				CLANG_WARN_BOOL_CONVERSION = YES;
				CLANG_WARN_COMMA = YES;
				CLANG_WARN_CONSTANT_CONVERSION = YES;
				CLANG_WARN_DEPRECATED_OBJC_IMPLEMENTATIONS = YES;
				CLANG_WARN_DIRECT_OBJC_ISA_USAGE = YES_ERROR;
				CLANG_WARN_DOCUMENTATION_COMMENTS = YES;
				CLANG_WARN_EMPTY_BODY = YES;
				CLANG_WARN_ENUM_CONVERSION = YES;
				CLANG_WARN_INFINITE_RECURSION = YES;
				CLANG_WARN_INT_CONVERSION = YES;
				CLANG_WARN_NON_LITERAL_NULL_CONVERSION = YES;
				CLANG_WARN_OBJC_IMPLICIT_RETAIN_SELF = YES;
				CLANG_WARN_OBJC_LITERAL_CONVERSION = YES;
				CLANG_WARN_OBJC_ROOT_CLASS = YES_ERROR;
				CLANG_WARN_QUOTED_INCLUDE_IN_FRAMEWORK_HEADER = YES;
				CLANG_WARN_RANGE_LOOP_ANALYSIS = YES;
				CLANG_WARN_STRICT_PROTOTYPES = YES;
				CLANG_WARN_SUSPICIOUS_MOVE = YES;
				CLANG_WARN_UNGUARDED_AVAILABILITY = YES_AGGRESSIVE;
				CLANG_WARN_UNREACHABLE_CODE = YES;
				CLANG_WARN__DUPLICATE_METHOD_MATCH = YES;
				COPY_PHASE_STRIP = NO;
				DEBUG_INFORMATION_FORMAT = "dwarf-with-dsym";
				ENABLE_NS_ASSERTIONS = NO;
				ENABLE_STRICT_OBJC_MSGSEND = YES;
				ENABLE_USER_SCRIPT_SANDBOXING = YES;
				GCC_C_LANGUAGE_STANDARD = gnu17;
				GCC_NO_COMMON_BLOCKS = YES;
				GCC_WARN_64_TO_32_BIT_CONVERSION = YES;
				GCC_WARN_ABOUT_RETURN_TYPE = YES_ERROR;
				GCC_WARN_UNDECLARED_SELECTOR = YES;
				GCC_WARN_UNINITIALIZED_AUTOS = YES_AGGRESSIVE;
				GCC_WARN_UNUSED_FUNCTION = YES;
				GCC_WARN_UNUSED_VARIABLE = YES;
				IPHONEOS_DEPLOYMENT_TARGET = 18.2;
				LOCALIZATION_PREFERS_STRING_CATALOGS = YES;
				MTL_ENABLE_DEBUG_INFO = NO;
				MTL_FAST_MATH = YES;
				SDKROOT = iphoneos;
				SWIFT_COMPILATION_MODE = wholemodule;
				VALIDATE_PRODUCT = YES;
			};
			name = Release;
		};
		49F152192DE4BF3200573F48 /* Debug */ = {
			isa = XCBuildConfiguration;
			buildSettings = {
				ASSETCATALOG_COMPILER_APPICON_NAME = AppIcon;
				ASSETCATALOG_COMPILER_GLOBAL_ACCENT_COLOR_NAME = AccentColor;
				CODE_SIGN_ENTITLEMENTS = wahi/wahi.entitlements;
				CODE_SIGN_STYLE = Automatic;
				CURRENT_PROJECT_VERSION = 1;
				DEVELOPMENT_ASSET_PATHS = "\"wahi/Preview Content\"";
				DEVELOPMENT_TEAM = W292XJZS37;
				ENABLE_PREVIEWS = YES;
				GENERATE_INFOPLIST_FILE = YES;
				INFOPLIST_KEY_NSLocationWhenInUseUsageDescription = "Display position on map";
				INFOPLIST_KEY_NSPhotoLibraryUsageDescription = "Display photo library";
				INFOPLIST_KEY_UIApplicationSceneManifest_Generation = YES;
				INFOPLIST_KEY_UIApplicationSupportsIndirectInputEvents = YES;
				INFOPLIST_KEY_UILaunchScreen_Generation = YES;
				INFOPLIST_KEY_UISupportedInterfaceOrientations_iPad = "UIInterfaceOrientationPortrait UIInterfaceOrientationPortraitUpsideDown UIInterfaceOrientationLandscapeLeft UIInterfaceOrientationLandscapeRight";
				INFOPLIST_KEY_UISupportedInterfaceOrientations_iPhone = "UIInterfaceOrientationPortrait UIInterfaceOrientationLandscapeLeft UIInterfaceOrientationLandscapeRight";
				LD_RUNPATH_SEARCH_PATHS = (
					"$(inherited)",
					"@executable_path/Frameworks",
				);
				MARKETING_VERSION = 1.0;
				PRODUCT_BUNDLE_IDENTIFIER = com.alexezh.wahi;
				PRODUCT_NAME = "$(TARGET_NAME)";
				SWIFT_EMIT_LOC_STRINGS = YES;
				SWIFT_VERSION = 5.0;
				TARGETED_DEVICE_FAMILY = "1,2";
			};
			name = Debug;
		};
		49F1521A2DE4BF3200573F48 /* Release */ = {
			isa = XCBuildConfiguration;
			buildSettings = {
				ASSETCATALOG_COMPILER_APPICON_NAME = AppIcon;
				ASSETCATALOG_COMPILER_GLOBAL_ACCENT_COLOR_NAME = AccentColor;
				CODE_SIGN_ENTITLEMENTS = wahi/wahi.entitlements;
				CODE_SIGN_STYLE = Automatic;
				CURRENT_PROJECT_VERSION = 1;
				DEVELOPMENT_ASSET_PATHS = "\"wahi/Preview Content\"";
				DEVELOPMENT_TEAM = W292XJZS37;
				ENABLE_PREVIEWS = YES;
				GENERATE_INFOPLIST_FILE = YES;
				INFOPLIST_KEY_NSLocationWhenInUseUsageDescription = "Display position on map";
				INFOPLIST_KEY_NSPhotoLibraryUsageDescription = "Display photo library";
				INFOPLIST_KEY_UIApplicationSceneManifest_Generation = YES;
				INFOPLIST_KEY_UIApplicationSupportsIndirectInputEvents = YES;
				INFOPLIST_KEY_UILaunchScreen_Generation = YES;
				INFOPLIST_KEY_UISupportedInterfaceOrientations_iPad = "UIInterfaceOrientationPortrait UIInterfaceOrientationPortraitUpsideDown UIInterfaceOrientationLandscapeLeft UIInterfaceOrientationLandscapeRight";
				INFOPLIST_KEY_UISupportedInterfaceOrientations_iPhone = "UIInterfaceOrientationPortrait UIInterfaceOrientationLandscapeLeft UIInterfaceOrientationLandscapeRight";
				LD_RUNPATH_SEARCH_PATHS = (
					"$(inherited)",
					"@executable_path/Frameworks",
				);
				MARKETING_VERSION = 1.0;
				PRODUCT_BUNDLE_IDENTIFIER = com.alexezh.wahi;
				PRODUCT_NAME = "$(TARGET_NAME)";
				SWIFT_EMIT_LOC_STRINGS = YES;
				SWIFT_VERSION = 5.0;
				TARGETED_DEVICE_FAMILY = "1,2";
			};
			name = Release;
		};
		49F1521C2DE4BF3200573F48 /* Debug */ = {
			isa = XCBuildConfiguration;
			buildSettings = {
				BUNDLE_LOADER = "$(TEST_HOST)";
				CODE_SIGN_STYLE = Automatic;
				CURRENT_PROJECT_VERSION = 1;
				GENERATE_INFOPLIST_FILE = YES;
				IPHONEOS_DEPLOYMENT_TARGET = 18.2;
				MARKETING_VERSION = 1.0;
				PRODUCT_BUNDLE_IDENTIFIER = com.alexezh.wahiTests;
				PRODUCT_NAME = "$(TARGET_NAME)";
				SWIFT_EMIT_LOC_STRINGS = NO;
				SWIFT_VERSION = 5.0;
				TARGETED_DEVICE_FAMILY = "1,2";
				TEST_HOST = "$(BUILT_PRODUCTS_DIR)/wahi.app/$(BUNDLE_EXECUTABLE_FOLDER_PATH)/wahi";
			};
			name = Debug;
		};
		49F1521D2DE4BF3200573F48 /* Release */ = {
			isa = XCBuildConfiguration;
			buildSettings = {
				BUNDLE_LOADER = "$(TEST_HOST)";
				CODE_SIGN_STYLE = Automatic;
				CURRENT_PROJECT_VERSION = 1;
				GENERATE_INFOPLIST_FILE = YES;
				IPHONEOS_DEPLOYMENT_TARGET = 18.2;
				MARKETING_VERSION = 1.0;
				PRODUCT_BUNDLE_IDENTIFIER = com.alexezh.wahiTests;
				PRODUCT_NAME = "$(TARGET_NAME)";
				SWIFT_EMIT_LOC_STRINGS = NO;
				SWIFT_VERSION = 5.0;
				TARGETED_DEVICE_FAMILY = "1,2";
				TEST_HOST = "$(BUILT_PRODUCTS_DIR)/wahi.app/$(BUNDLE_EXECUTABLE_FOLDER_PATH)/wahi";
			};
			name = Release;
		};
		49F1521F2DE4BF3200573F48 /* Debug */ = {
			isa = XCBuildConfiguration;
			buildSettings = {
				CODE_SIGN_STYLE = Automatic;
				CURRENT_PROJECT_VERSION = 1;
				GENERATE_INFOPLIST_FILE = YES;
				MARKETING_VERSION = 1.0;
				PRODUCT_BUNDLE_IDENTIFIER = com.alexezh.wahiUITests;
				PRODUCT_NAME = "$(TARGET_NAME)";
				SWIFT_EMIT_LOC_STRINGS = NO;
				SWIFT_VERSION = 5.0;
				TARGETED_DEVICE_FAMILY = "1,2";
				TEST_TARGET_NAME = wahi;
			};
			name = Debug;
		};
		49F152202DE4BF3200573F48 /* Release */ = {
			isa = XCBuildConfiguration;
			buildSettings = {
				CODE_SIGN_STYLE = Automatic;
				CURRENT_PROJECT_VERSION = 1;
				GENERATE_INFOPLIST_FILE = YES;
				MARKETING_VERSION = 1.0;
				PRODUCT_BUNDLE_IDENTIFIER = com.alexezh.wahiUITests;
				PRODUCT_NAME = "$(TARGET_NAME)";
				SWIFT_EMIT_LOC_STRINGS = NO;
				SWIFT_VERSION = 5.0;
				TARGETED_DEVICE_FAMILY = "1,2";
				TEST_TARGET_NAME = wahi;
			};
			name = Release;
		};
		49F152322DE4C42400573F48 /* Debug */ = {
			isa = XCBuildConfiguration;
			buildSettings = {
				CODE_SIGN_ENTITLEMENTS = WahiShareExt/WahiShareExt.entitlements;
				CODE_SIGN_STYLE = Automatic;
				CURRENT_PROJECT_VERSION = 1;
				DEVELOPMENT_TEAM = W292XJZS37;
				GENERATE_INFOPLIST_FILE = YES;
				INFOPLIST_FILE = WahiShareExt/Info.plist;
				INFOPLIST_KEY_CFBundleDisplayName = WahiShareExt;
				INFOPLIST_KEY_NSHumanReadableCopyright = "";
				LD_RUNPATH_SEARCH_PATHS = (
					"$(inherited)",
					"@executable_path/Frameworks",
					"@executable_path/../../Frameworks",
				);
				MARKETING_VERSION = 1.0;
				PRODUCT_BUNDLE_IDENTIFIER = com.alexezh.wahi.WahiShareExt;
				PRODUCT_NAME = "$(TARGET_NAME)";
				SKIP_INSTALL = YES;
				SWIFT_EMIT_LOC_STRINGS = YES;
				SWIFT_VERSION = 5.0;
				TARGETED_DEVICE_FAMILY = "1,2";
			};
			name = Debug;
		};
		49F152332DE4C42400573F48 /* Release */ = {
			isa = XCBuildConfiguration;
			buildSettings = {
				CODE_SIGN_ENTITLEMENTS = WahiShareExt/WahiShareExt.entitlements;
				CODE_SIGN_STYLE = Automatic;
				CURRENT_PROJECT_VERSION = 1;
				DEVELOPMENT_TEAM = W292XJZS37;
				GENERATE_INFOPLIST_FILE = YES;
				INFOPLIST_FILE = WahiShareExt/Info.plist;
				INFOPLIST_KEY_CFBundleDisplayName = WahiShareExt;
				INFOPLIST_KEY_NSHumanReadableCopyright = "";
				LD_RUNPATH_SEARCH_PATHS = (
					"$(inherited)",
					"@executable_path/Frameworks",
					"@executable_path/../../Frameworks",
				);
				MARKETING_VERSION = 1.0;
				PRODUCT_BUNDLE_IDENTIFIER = com.alexezh.wahi.WahiShareExt;
				PRODUCT_NAME = "$(TARGET_NAME)";
				SKIP_INSTALL = YES;
				SWIFT_EMIT_LOC_STRINGS = YES;
				SWIFT_VERSION = 5.0;
				TARGETED_DEVICE_FAMILY = "1,2";
			};
			name = Release;
		};
/* End XCBuildConfiguration section */

/* Begin XCConfigurationList section */
		49F151EA2DE4BF3100573F48 /* Build configuration list for PBXProject "wahi" */ = {
			isa = XCConfigurationList;
			buildConfigurations = (
				49F152162DE4BF3200573F48 /* Debug */,
				49F152172DE4BF3200573F48 /* Release */,
			);
			defaultConfigurationIsVisible = 0;
			defaultConfigurationName = Release;
		};
		49F152182DE4BF3200573F48 /* Build configuration list for PBXNativeTarget "wahi" */ = {
			isa = XCConfigurationList;
			buildConfigurations = (
				49F152192DE4BF3200573F48 /* Debug */,
				49F1521A2DE4BF3200573F48 /* Release */,
			);
			defaultConfigurationIsVisible = 0;
			defaultConfigurationName = Release;
		};
		49F1521B2DE4BF3200573F48 /* Build configuration list for PBXNativeTarget "wahiTests" */ = {
			isa = XCConfigurationList;
			buildConfigurations = (
				49F1521C2DE4BF3200573F48 /* Debug */,
				49F1521D2DE4BF3200573F48 /* Release */,
			);
			defaultConfigurationIsVisible = 0;
			defaultConfigurationName = Release;
		};
		49F1521E2DE4BF3200573F48 /* Build configuration list for PBXNativeTarget "wahiUITests" */ = {
			isa = XCConfigurationList;
			buildConfigurations = (
				49F1521F2DE4BF3200573F48 /* Debug */,
				49F152202DE4BF3200573F48 /* Release */,
			);
			defaultConfigurationIsVisible = 0;
			defaultConfigurationName = Release;
		};
		49F152312DE4C42400573F48 /* Build configuration list for PBXNativeTarget "WahiShareExt" */ = {
			isa = XCConfigurationList;
			buildConfigurations = (
				49F152322DE4C42400573F48 /* Debug */,
				49F152332DE4C42400573F48 /* Release */,
			);
			defaultConfigurationIsVisible = 0;
			defaultConfigurationName = Release;
		};
/* End XCConfigurationList section */

/* Begin XCVersionGroup section */
		49F1523B2DE4CE0700573F48 /* places.xcdatamodeld */ = {
			isa = XCVersionGroup;
			children = (
				49F1523C2DE4CE0700573F48 /* places.xcdatamodel */,
			);
			currentVersion = 49F1523C2DE4CE0700573F48 /* places.xcdatamodel */;
			path = places.xcdatamodeld;
			sourceTree = "<group>";
			versionGroupType = wrapper.xcdatamodel;
		};
/* End XCVersionGroup section */
	};
	rootObject = 49F151E72DE4BF3100573F48 /* Project object */;
}
