// !$*UTF8*$!
{
	archiveVersion = 1;
	classes = {
	};
	objectVersion = 77;
	objects = {

/* Begin PBXBuildFile section */
		491FBCAE2E1F8B46000C36A4 /* GoogleService-Info.plist in Resources */ = {isa = PBXBuildFile; fileRef = 491FBCAD2E1F8B46000C36A4 /* GoogleService-Info.plist */; };
		491FBCBE2E232B9F000C36A4 /* app_icon.png in Resources */ = {isa = PBXBuildFile; fileRef = 491FBCBD2E232B9F000C36A4 /* app_icon.png */; };
		49540DC62E1C70A100886A08 /* ShareViewController.swift in Sources */ = {isa = PBXBuildFile; fileRef = 49540DC42E1C70A100886A08 /* ShareViewController.swift */; };
		49540DC72E1C70A100886A08 /* MainInterface.storyboard in Resources */ = {isa = PBXBuildFile; fileRef = 49540DC22E1C70A100886A08 /* MainInterface.storyboard */; };
		49D0F5732E1DE50F004BABB0 /* GoogleSignIn in Frameworks */ = {isa = PBXBuildFile; productRef = 49D0F5722E1DE50F004BABB0 /* GoogleSignIn */; };
		49F151FC2DE4BF3200573F48 /* Persistence.swift in Sources */ = {isa = PBXBuildFile; fileRef = 49F151FB2DE4BF3200573F48 /* Persistence.swift */; };
		49F1522F2DE4C42400573F48 /* ReminoraShareExt.appex in Embed Foundation Extensions */ = {isa = PBXBuildFile; fileRef = 49F152252DE4C42400573F48 /* ReminoraShareExt.appex */; settings = {ATTRIBUTES = (RemoveHeadersOnCopy, ); }; };
		49F1523D2DE4CE0700573F48 /* places.xcdatamodeld in Sources */ = {isa = PBXBuildFile; fileRef = 49F1523B2DE4CE0700573F48 /* places.xcdatamodeld */; };
		49F1523E2DE4CE0700573F48 /* places.xcdatamodeld in Sources */ = {isa = PBXBuildFile; fileRef = 49F1523B2DE4CE0700573F48 /* places.xcdatamodeld */; };
		49F1523F2DE4D0CF00573F48 /* Persistence.swift in Sources */ = {isa = PBXBuildFile; fileRef = 49F151FB2DE4BF3200573F48 /* Persistence.swift */; };
		49F152442DE4F3CA00573F48 /* CoreData.framework in Frameworks */ = {isa = PBXBuildFile; fileRef = 49F152432DE4F3CA00573F48 /* CoreData.framework */; };
		49F152452DE4F3D200573F48 /* CoreData.framework in Frameworks */ = {isa = PBXBuildFile; fileRef = 49F152432DE4F3CA00573F48 /* CoreData.framework */; };
		49FB00032E2FFBBB004BABB0 /* FacebookLogin in Frameworks */ = {isa = PBXBuildFile; productRef = 49FB00022E2FFBBB004BABB0 /* FacebookLogin */; };
		49FB00052E2FFBBB004BABB0 /* FacebookCore in Frameworks */ = {isa = PBXBuildFile; productRef = 49FB00042E2FFBBB004BABB0 /* FacebookCore */; };
/* End PBXBuildFile section */

/* Begin PBXContainerItemProxy section */
		49F152052DE4BF3200573F48 /* PBXContainerItemProxy */ = {
			isa = PBXContainerItemProxy;
			containerPortal = 49F151E72DE4BF3100573F48 /* Project object */;
			proxyType = 1;
			remoteGlobalIDString = 49F151EE2DE4BF3100573F48;
			remoteInfo = reminora;
		};
		49F1520F2DE4BF3200573F48 /* PBXContainerItemProxy */ = {
			isa = PBXContainerItemProxy;
			containerPortal = 49F151E72DE4BF3100573F48 /* Project object */;
			proxyType = 1;
			remoteGlobalIDString = 49F151EE2DE4BF3100573F48;
			remoteInfo = reminora;
		};
		49F1522D2DE4C42400573F48 /* PBXContainerItemProxy */ = {
			isa = PBXContainerItemProxy;
			containerPortal = 49F151E72DE4BF3100573F48 /* Project object */;
			proxyType = 1;
			remoteGlobalIDString = 49F152242DE4C42400573F48;
			remoteInfo = ReminoraShareExt;
		};
/* End PBXContainerItemProxy section */

/* Begin PBXCopyFilesBuildPhase section */
		49F152342DE4C42400573F48 /* Embed Foundation Extensions */ = {
			isa = PBXCopyFilesBuildPhase;
			buildActionMask = 2147483647;
			dstPath = "";
			dstSubfolderSpec = 13;
			files = (
				49F1522F2DE4C42400573F48 /* ReminoraShareExt.appex in Embed Foundation Extensions */,
			);
			name = "Embed Foundation Extensions";
			runOnlyForDeploymentPostprocessing = 0;
		};
/* End PBXCopyFilesBuildPhase section */

/* Begin PBXFileReference section */
		491FBCAD2E1F8B46000C36A4 /* GoogleService-Info.plist */ = {isa = PBXFileReference; lastKnownFileType = text.plist.xml; path = "GoogleService-Info.plist"; sourceTree = "<group>"; };
		491FBCBD2E232B9F000C36A4 /* app_icon.png */ = {isa = PBXFileReference; lastKnownFileType = image.png; path = app_icon.png; sourceTree = "<group>"; };
		49540DC02E1C70A100886A08 /* Info.plist */ = {isa = PBXFileReference; lastKnownFileType = text.plist.xml; path = Info.plist; sourceTree = "<group>"; };
		49540DC12E1C70A100886A08 /* Base */ = {isa = PBXFileReference; lastKnownFileType = file.storyboard; name = Base; path = Base.lproj/MainInterface.storyboard; sourceTree = "<group>"; };
		49540DC32E1C70A100886A08 /* ReminoraShareExt.entitlements */ = {isa = PBXFileReference; lastKnownFileType = text.plist.entitlements; path = ReminoraShareExt.entitlements; sourceTree = "<group>"; };
		49540DC42E1C70A100886A08 /* ShareViewController.swift */ = {isa = PBXFileReference; lastKnownFileType = sourcecode.swift; path = ShareViewController.swift; sourceTree = "<group>"; };
		49F151EF2DE4BF3100573F48 /* reminora.app */ = {isa = PBXFileReference; explicitFileType = wrapper.application; includeInIndex = 0; path = reminora.app; sourceTree = BUILT_PRODUCTS_DIR; };
		49F151FB2DE4BF3200573F48 /* Persistence.swift */ = {isa = PBXFileReference; lastKnownFileType = sourcecode.swift; path = Persistence.swift; sourceTree = "<group>"; };
		49F152042DE4BF3200573F48 /* reminoraTests.xctest */ = {isa = PBXFileReference; explicitFileType = wrapper.cfbundle; includeInIndex = 0; name = reminoraTests.xctest; path = wahiTests.xctest; sourceTree = BUILT_PRODUCTS_DIR; };
		49F1520E2DE4BF3200573F48 /* reminoraUITests.xctest */ = {isa = PBXFileReference; explicitFileType = wrapper.cfbundle; includeInIndex = 0; name = reminoraUITests.xctest; path = wahiUITests.xctest; sourceTree = BUILT_PRODUCTS_DIR; };
		49F152252DE4C42400573F48 /* ReminoraShareExt.appex */ = {isa = PBXFileReference; explicitFileType = "wrapper.app-extension"; includeInIndex = 0; path = ReminoraShareExt.appex; sourceTree = BUILT_PRODUCTS_DIR; };
		49F1523C2DE4CE0700573F48 /* places.xcdatamodel */ = {isa = PBXFileReference; lastKnownFileType = wrapper.xcdatamodel; path = places.xcdatamodel; sourceTree = "<group>"; };
		49F152432DE4F3CA00573F48 /* CoreData.framework */ = {isa = PBXFileReference; lastKnownFileType = wrapper.framework; name = CoreData.framework; path = System/Library/Frameworks/CoreData.framework; sourceTree = SDKROOT; };
/* End PBXFileReference section */

/* Begin PBXFileSystemSynchronizedBuildFileExceptionSet section */
		49D0F5772E1DE737004BABB0 /* Exceptions for "reminora" folder in "reminora" target */ = {
			isa = PBXFileSystemSynchronizedBuildFileExceptionSet;
			membershipExceptions = (
				Info.plist,
			);
			target = 49F151EE2DE4BF3100573F48 /* reminora */;
		};
/* End PBXFileSystemSynchronizedBuildFileExceptionSet section */

/* Begin PBXFileSystemSynchronizedRootGroup section */
		49F151F12DE4BF3100573F48 /* reminora */ = {
			isa = PBXFileSystemSynchronizedRootGroup;
			exceptions = (
				49D0F5772E1DE737004BABB0 /* Exceptions for "reminora" folder in "reminora" target */,
			);
			path = reminora;
			sourceTree = "<group>";
		};
		49F152072DE4BF3200573F48 /* reminoraTests */ = {
			isa = PBXFileSystemSynchronizedRootGroup;
			path = reminoraTests;
			sourceTree = "<group>";
		};
		49F152112DE4BF3200573F48 /* reminoraUITests */ = {
			isa = PBXFileSystemSynchronizedRootGroup;
			path = reminoraUITests;
			sourceTree = "<group>";
		};
/* End PBXFileSystemSynchronizedRootGroup section */

/* Begin PBXFrameworksBuildPhase section */
		49F151EC2DE4BF3100573F48 /* Frameworks */ = {
			isa = PBXFrameworksBuildPhase;
			buildActionMask = 2147483647;
			files = (
				49F152442DE4F3CA00573F48 /* CoreData.framework in Frameworks */,
				49D0F5732E1DE50F004BABB0 /* GoogleSignIn in Frameworks */,
				49FB00032E2FFBBB004BABB0 /* FacebookLogin in Frameworks */,
				49FB00052E2FFBBB004BABB0 /* FacebookCore in Frameworks */,
			);
			runOnlyForDeploymentPostprocessing = 0;
		};
		49F152012DE4BF3200573F48 /* Frameworks */ = {
			isa = PBXFrameworksBuildPhase;
			buildActionMask = 2147483647;
			files = (
			);
			runOnlyForDeploymentPostprocessing = 0;
		};
		49F1520B2DE4BF3200573F48 /* Frameworks */ = {
			isa = PBXFrameworksBuildPhase;
			buildActionMask = 2147483647;
			files = (
			);
			runOnlyForDeploymentPostprocessing = 0;
		};
		49F152222DE4C42400573F48 /* Frameworks */ = {
			isa = PBXFrameworksBuildPhase;
			buildActionMask = 2147483647;
			files = (
				49F152452DE4F3D200573F48 /* CoreData.framework in Frameworks */,
			);
			runOnlyForDeploymentPostprocessing = 0;
		};
/* End PBXFrameworksBuildPhase section */

/* Begin PBXGroup section */
		49540DC52E1C70A100886A08 /* ReminoraShareExt */ = {
			isa = PBXGroup;
			children = (
				49540DC02E1C70A100886A08 /* Info.plist */,
				49540DC22E1C70A100886A08 /* MainInterface.storyboard */,
				49540DC32E1C70A100886A08 /* ReminoraShareExt.entitlements */,
				49540DC42E1C70A100886A08 /* ShareViewController.swift */,
			);
			path = ReminoraShareExt;
			sourceTree = "<group>";
		};
		49F151E62DE4BF3100573F48 = {
			isa = PBXGroup;
			children = (
				491FBCAD2E1F8B46000C36A4 /* GoogleService-Info.plist */,
				49540DC52E1C70A100886A08 /* ReminoraShareExt */,
				49F152412DE4F29E00573F48 /* shared */,
				49F1523B2DE4CE0700573F48 /* places.xcdatamodeld */,
				49F151F12DE4BF3100573F48 /* reminora */,
				49F152072DE4BF3200573F48 /* reminoraTests */,
				49F152112DE4BF3200573F48 /* reminoraUITests */,
				49F152422DE4F3CA00573F48 /* Frameworks */,
				49F151F02DE4BF3100573F48 /* Products */,
				491FBCBD2E232B9F000C36A4 /* app_icon.png */,
			);
			sourceTree = "<group>";
		};
		49F151F02DE4BF3100573F48 /* Products */ = {
			isa = PBXGroup;
			children = (
				49F151EF2DE4BF3100573F48 /* reminora.app */,
				49F152042DE4BF3200573F48 /* reminoraTests.xctest */,
				49F1520E2DE4BF3200573F48 /* reminoraUITests.xctest */,
				49F152252DE4C42400573F48 /* ReminoraShareExt.appex */,
			);
			name = Products;
			sourceTree = "<group>";
		};
		49F152412DE4F29E00573F48 /* shared */ = {
			isa = PBXGroup;
			children = (
				49F151FB2DE4BF3200573F48 /* Persistence.swift */,
			);
			path = shared;
			sourceTree = "<group>";
		};
		49F152422DE4F3CA00573F48 /* Frameworks */ = {
			isa = PBXGroup;
			children = (
				49F152432DE4F3CA00573F48 /* CoreData.framework */,
			);
			name = Frameworks;
			sourceTree = "<group>";
		};
/* End PBXGroup section */

/* Begin PBXNativeTarget section */
		49F151EE2DE4BF3100573F48 /* reminora */ = {
			isa = PBXNativeTarget;
			buildConfigurationList = 49F152182DE4BF3200573F48 /* Build configuration list for PBXNativeTarget "reminora" */;
			buildPhases = (
				49F151EB2DE4BF3100573F48 /* Sources */,
				49F151EC2DE4BF3100573F48 /* Frameworks */,
				49F151ED2DE4BF3100573F48 /* Resources */,
				49F152342DE4C42400573F48 /* Embed Foundation Extensions */,
			);
			buildRules = (
			);
			dependencies = (
				49F1522E2DE4C42400573F48 /* PBXTargetDependency */,
			);
			fileSystemSynchronizedGroups = (
				49F151F12DE4BF3100573F48 /* reminora */,
			);
			name = reminora;
			packageProductDependencies = (
				49D0F5722E1DE50F004BABB0 /* GoogleSignIn */,
				49FB00022E2FFBBB004BABB0 /* FacebookLogin */,
				49FB00042E2FFBBB004BABB0 /* FacebookCore */,
			);
			productName = reminora;
			productReference = 49F151EF2DE4BF3100573F48 /* reminora.app */;
			productType = "com.apple.product-type.application";
		};
		49F152032DE4BF3200573F48 /* wahiTests */ = {
			isa = PBXNativeTarget;
			buildConfigurationList = 49F1521B2DE4BF3200573F48 /* Build configuration list for PBXNativeTarget "wahiTests" */;
			buildPhases = (
				49F152002DE4BF3200573F48 /* Sources */,
				49F152012DE4BF3200573F48 /* Frameworks */,
				49F152022DE4BF3200573F48 /* Resources */,
			);
			buildRules = (
			);
			dependencies = (
				49F152062DE4BF3200573F48 /* PBXTargetDependency */,
			);
			fileSystemSynchronizedGroups = (
				49F152072DE4BF3200573F48 /* reminoraTests */,
			);
			name = wahiTests;
			packageProductDependencies = (
			);
			productName = wahiTests;
			productReference = 49F152042DE4BF3200573F48 /* reminoraTests.xctest */;
			productType = "com.apple.product-type.bundle.unit-test";
		};
		49F1520D2DE4BF3200573F48 /* wahiUITests */ = {
			isa = PBXNativeTarget;
			buildConfigurationList = 49F1521E2DE4BF3200573F48 /* Build configuration list for PBXNativeTarget "wahiUITests" */;
			buildPhases = (
				49F1520A2DE4BF3200573F48 /* Sources */,
				49F1520B2DE4BF3200573F48 /* Frameworks */,
				49F1520C2DE4BF3200573F48 /* Resources */,
			);
			buildRules = (
			);
			dependencies = (
				49F152102DE4BF3200573F48 /* PBXTargetDependency */,
			);
			fileSystemSynchronizedGroups = (
				49F152112DE4BF3200573F48 /* reminoraUITests */,
			);
			name = wahiUITests;
			packageProductDependencies = (
			);
			productName = wahiUITests;
			productReference = 49F1520E2DE4BF3200573F48 /* reminoraUITests.xctest */;
			productType = "com.apple.product-type.bundle.ui-testing";
		};
		49F152242DE4C42400573F48 /* ReminoraShareExt */ = {
			isa = PBXNativeTarget;
			buildConfigurationList = 49F152312DE4C42400573F48 /* Build configuration list for PBXNativeTarget "ReminoraShareExt" */;
			buildPhases = (
				49F152212DE4C42400573F48 /* Sources */,
				49F152222DE4C42400573F48 /* Frameworks */,
				49F152232DE4C42400573F48 /* Resources */,
			);
			buildRules = (
			);
			dependencies = (
			);
			name = ReminoraShareExt;
			packageProductDependencies = (
			);
			productName = ReminoraShareExt;
			productReference = 49F152252DE4C42400573F48 /* ReminoraShareExt.appex */;
			productType = "com.apple.product-type.app-extension";
		};
/* End PBXNativeTarget section */

/* Begin PBXProject section */
		49F151E72DE4BF3100573F48 /* Project object */ = {
			isa = PBXProject;
			attributes = {
				BuildIndependentTargetsInParallel = 1;
				LastSwiftUpdateCheck = 1620;
				LastUpgradeCheck = 1620;
				TargetAttributes = {
					49F151EE2DE4BF3100573F48 = {
						CreatedOnToolsVersion = 16.2;
					};
					49F152032DE4BF3200573F48 = {
						CreatedOnToolsVersion = 16.2;
						TestTargetID = 49F151EE2DE4BF3100573F48;
					};
					49F1520D2DE4BF3200573F48 = {
						CreatedOnToolsVersion = 16.2;
						TestTargetID = 49F151EE2DE4BF3100573F48;
					};
					49F152242DE4C42400573F48 = {
						CreatedOnToolsVersion = 16.2;
					};
				};
			};
			buildConfigurationList = 49F151EA2DE4BF3100573F48 /* Build configuration list for PBXProject "reminora" */;
			developmentRegion = en;
			hasScannedForEncodings = 0;
			knownRegions = (
				en,
				Base,
			);
			mainGroup = 49F151E62DE4BF3100573F48;
			minimizedProjectReferenceProxies = 1;
			packageReferences = (
				49D0F56C2E1D5B6D004BABB0 /* XCRemoteSwiftPackageReference "GoogleSignIn-iOS" */,
				49FB00012E2FFBBB004BABB0 /* XCRemoteSwiftPackageReference "facebook-ios-sdk" */,
			);
			preferredProjectObjectVersion = 77;
			productRefGroup = 49F151F02DE4BF3100573F48 /* Products */;
			projectDirPath = "";
			projectRoot = "";
			targets = (
				49F151EE2DE4BF3100573F48 /* reminora */,
				49F152032DE4BF3200573F48 /* wahiTests */,
				49F1520D2DE4BF3200573F48 /* wahiUITests */,
				49F152242DE4C42400573F48 /* ReminoraShareExt */,
			);
		};
/* End PBXProject section */

/* Begin PBXResourcesBuildPhase section */
		49F151ED2DE4BF3100573F48 /* Resources */ = {
			isa = PBXResourcesBuildPhase;
			buildActionMask = 2147483647;
			files = (
				491FBCBE2E232B9F000C36A4 /* app_icon.png in Resources */,
				491FBCAE2E1F8B46000C36A4 /* GoogleService-Info.plist in Resources */,
			);
			runOnlyForDeploymentPostprocessing = 0;
		};
		49F152022DE4BF3200573F48 /* Resources */ = {
			isa = PBXResourcesBuildPhase;
			buildActionMask = 2147483647;
			files = (
			);
			runOnlyForDeploymentPostprocessing = 0;
		};
		49F1520C2DE4BF3200573F48 /* Resources */ = {
			isa = PBXResourcesBuildPhase;
			buildActionMask = 2147483647;
			files = (
			);
			runOnlyForDeploymentPostprocessing = 0;
		};
		49F152232DE4C42400573F48 /* Resources */ = {
			isa = PBXResourcesBuildPhase;
			buildActionMask = 2147483647;
			files = (
				49540DC72E1C70A100886A08 /* MainInterface.storyboard in Resources */,
			);
			runOnlyForDeploymentPostprocessing = 0;
		};
/* End PBXResourcesBuildPhase section */

/* Begin PBXSourcesBuildPhase section */
		49F151EB2DE4BF3100573F48 /* Sources */ = {
			isa = PBXSourcesBuildPhase;
			buildActionMask = 2147483647;
			files = (
				49F151FC2DE4BF3200573F48 /* Persistence.swift in Sources */,
				49F1523E2DE4CE0700573F48 /* places.xcdatamodeld in Sources */,
			);
			runOnlyForDeploymentPostprocessing = 0;
		};
		49F152002DE4BF3200573F48 /* Sources */ = {
			isa = PBXSourcesBuildPhase;
			buildActionMask = 2147483647;
			files = (
			);
			runOnlyForDeploymentPostprocessing = 0;
		};
		49F1520A2DE4BF3200573F48 /* Sources */ = {
			isa = PBXSourcesBuildPhase;
			buildActionMask = 2147483647;
			files = (
			);
			runOnlyForDeploymentPostprocessing = 0;
		};
		49F152212DE4C42400573F48 /* Sources */ = {
			isa = PBXSourcesBuildPhase;
			buildActionMask = 2147483647;
			files = (
				49540DC62E1C70A100886A08 /* ShareViewController.swift in Sources */,
				49F1523F2DE4D0CF00573F48 /* Persistence.swift in Sources */,
				49F1523D2DE4CE0700573F48 /* places.xcdatamodeld in Sources */,
			);
			runOnlyForDeploymentPostprocessing = 0;
		};
/* End PBXSourcesBuildPhase section */

/* Begin PBXTargetDependency section */
		49F152062DE4BF3200573F48 /* PBXTargetDependency */ = {
			isa = PBXTargetDependency;
			target = 49F151EE2DE4BF3100573F48 /* reminora */;
			targetProxy = 49F152052DE4BF3200573F48 /* PBXContainerItemProxy */;
		};
		49F152102DE4BF3200573F48 /* PBXTargetDependency */ = {
			isa = PBXTargetDependency;
			target = 49F151EE2DE4BF3100573F48 /* reminora */;
			targetProxy = 49F1520F2DE4BF3200573F48 /* PBXContainerItemProxy */;
		};
		49F1522E2DE4C42400573F48 /* PBXTargetDependency */ = {
			isa = PBXTargetDependency;
			target = 49F152242DE4C42400573F48 /* ReminoraShareExt */;
			targetProxy = 49F1522D2DE4C42400573F48 /* PBXContainerItemProxy */;
		};
/* End PBXTargetDependency section */

/* Begin PBXVariantGroup section */
		49540DC22E1C70A100886A08 /* MainInterface.storyboard */ = {
			isa = PBXVariantGroup;
			children = (
				49540DC12E1C70A100886A08 /* Base */,
			);
			name = MainInterface.storyboard;
			sourceTree = "<group>";
		};
/* End PBXVariantGroup section */

/* Begin XCBuildConfiguration section */
		49F152162DE4BF3200573F48 /* Debug */ = {
			isa = XCBuildConfiguration;
			buildSettings = {
				ALWAYS_SEARCH_USER_PATHS = NO;
				ASSETCATALOG_COMPILER_GENERATE_SWIFT_ASSET_SYMBOL_EXTENSIONS = YES;
				CLANG_ANALYZER_NONNULL = YES;
				CLANG_ANALYZER_NUMBER_OBJECT_CONVERSION = YES_AGGRESSIVE;
				CLANG_CXX_LANGUAGE_STANDARD = "gnu++20";
				CLANG_ENABLE_MODULES = YES;
				CLANG_ENABLE_OBJC_ARC = YES;
				CLANG_ENABLE_OBJC_WEAK = YES;
				CLANG_WARN_BLOCK_CAPTURE_AUTORELEASING = YES;
				CLANG_WARN_BOOL_CONVERSION = YES;
				CLANG_WARN_COMMA = YES;
				CLANG_WARN_CONSTANT_CONVERSION = YES;
				CLANG_WARN_DEPRECATED_OBJC_IMPLEMENTATIONS = YES;
				CLANG_WARN_DIRECT_OBJC_ISA_USAGE = YES_ERROR;
				CLANG_WARN_DOCUMENTATION_COMMENTS = YES;
				CLANG_WARN_EMPTY_BODY = YES;
				CLANG_WARN_ENUM_CONVERSION = YES;
				CLANG_WARN_INFINITE_RECURSION = YES;
				CLANG_WARN_INT_CONVERSION = YES;
				CLANG_WARN_NON_LITERAL_NULL_CONVERSION = YES;
				CLANG_WARN_OBJC_IMPLICIT_RETAIN_SELF = YES;
				CLANG_WARN_OBJC_LITERAL_CONVERSION = YES;
				CLANG_WARN_OBJC_ROOT_CLASS = YES_ERROR;
				CLANG_WARN_QUOTED_INCLUDE_IN_FRAMEWORK_HEADER = YES;
				CLANG_WARN_RANGE_LOOP_ANALYSIS = YES;
				CLANG_WARN_STRICT_PROTOTYPES = YES;
				CLANG_WARN_SUSPICIOUS_MOVE = YES;
				CLANG_WARN_UNGUARDED_AVAILABILITY = YES_AGGRESSIVE;
				CLANG_WARN_UNREACHABLE_CODE = YES;
				CLANG_WARN__DUPLICATE_METHOD_MATCH = YES;
				COPY_PHASE_STRIP = NO;
				DEBUG_INFORMATION_FORMAT = dwarf;
				ENABLE_STRICT_OBJC_MSGSEND = YES;
				ENABLE_TESTABILITY = YES;
				ENABLE_USER_SCRIPT_SANDBOXING = YES;
				GCC_C_LANGUAGE_STANDARD = gnu17;
				GCC_DYNAMIC_NO_PIC = NO;
				GCC_NO_COMMON_BLOCKS = YES;
				GCC_OPTIMIZATION_LEVEL = 0;
				GCC_PREPROCESSOR_DEFINITIONS = (
					"DEBUG=1",
					"$(inherited)",
				);
				GCC_WARN_64_TO_32_BIT_CONVERSION = YES;
				GCC_WARN_ABOUT_RETURN_TYPE = YES_ERROR;
				GCC_WARN_UNDECLARED_SELECTOR = YES;
				GCC_WARN_UNINITIALIZED_AUTOS = YES_AGGRESSIVE;
				GCC_WARN_UNUSED_FUNCTION = YES;
				GCC_WARN_UNUSED_VARIABLE = YES;
				IPHONEOS_DEPLOYMENT_TARGET = 18.2;
				LOCALIZATION_PREFERS_STRING_CATALOGS = YES;
				MTL_ENABLE_DEBUG_INFO = INCLUDE_SOURCE;
				MTL_FAST_MATH = YES;
				ONLY_ACTIVE_ARCH = YES;
				SDKROOT = iphoneos;
				SWIFT_ACTIVE_COMPILATION_CONDITIONS = "DEBUG $(inherited)";
				SWIFT_OPTIMIZATION_LEVEL = "-Onone";
			};
			name = Debug;
		};
		49F152172DE4BF3200573F48 /* Release */ = {
			isa = XCBuildConfiguration;
			buildSettings = {
				ALWAYS_SEARCH_USER_PATHS = NO;
				ASSETCATALOG_COMPILER_GENERATE_SWIFT_ASSET_SYMBOL_EXTENSIONS = YES;
				CLANG_ANALYZER_NONNULL = YES;
				CLANG_ANALYZER_NUMBER_OBJECT_CONVERSION = YES_AGGRESSIVE;
				CLANG_CXX_LANGUAGE_STANDARD = "gnu++20";
				CLANG_ENABLE_MODULES = YES;
				CLANG_ENABLE_OBJC_ARC = YES;
				CLANG_ENABLE_OBJC_WEAK = YES;
				CLANG_WARN_BLOCK_CAPTURE_AUTORELEASING = YES;
				CLANG_WARN_BOOL_CONVERSION = YES;
				CLANG_WARN_COMMA = YES;
				CLANG_WARN_CONSTANT_CONVERSION = YES;
				CLANG_WARN_DEPRECATED_OBJC_IMPLEMENTATIONS = YES;
				CLANG_WARN_DIRECT_OBJC_ISA_USAGE = YES_ERROR;
				CLANG_WARN_DOCUMENTATION_COMMENTS = YES;
				CLANG_WARN_EMPTY_BODY = YES;
				CLANG_WARN_ENUM_CONVERSION = YES;
				CLANG_WARN_INFINITE_RECURSION = YES;
				CLANG_WARN_INT_CONVERSION = YES;
				CLANG_WARN_NON_LITERAL_NULL_CONVERSION = YES;
				CLANG_WARN_OBJC_IMPLICIT_RETAIN_SELF = YES;
				CLANG_WARN_OBJC_LITERAL_CONVERSION = YES;
				CLANG_WARN_OBJC_ROOT_CLASS = YES_ERROR;
				CLANG_WARN_QUOTED_INCLUDE_IN_FRAMEWORK_HEADER = YES;
				CLANG_WARN_RANGE_LOOP_ANALYSIS = YES;
				CLANG_WARN_STRICT_PROTOTYPES = YES;
				CLANG_WARN_SUSPICIOUS_MOVE = YES;
				CLANG_WARN_UNGUARDED_AVAILABILITY = YES_AGGRESSIVE;
				CLANG_WARN_UNREACHABLE_CODE = YES;
				CLANG_WARN__DUPLICATE_METHOD_MATCH = YES;
				COPY_PHASE_STRIP = NO;
				DEBUG_INFORMATION_FORMAT = "dwarf-with-dsym";
				ENABLE_NS_ASSERTIONS = NO;
				ENABLE_STRICT_OBJC_MSGSEND = YES;
				ENABLE_USER_SCRIPT_SANDBOXING = YES;
				GCC_C_LANGUAGE_STANDARD = gnu17;
				GCC_NO_COMMON_BLOCKS = YES;
				GCC_WARN_64_TO_32_BIT_CONVERSION = YES;
				GCC_WARN_ABOUT_RETURN_TYPE = YES_ERROR;
				GCC_WARN_UNDECLARED_SELECTOR = YES;
				GCC_WARN_UNINITIALIZED_AUTOS = YES_AGGRESSIVE;
				GCC_WARN_UNUSED_FUNCTION = YES;
				GCC_WARN_UNUSED_VARIABLE = YES;
				IPHONEOS_DEPLOYMENT_TARGET = 18.2;
				LOCALIZATION_PREFERS_STRING_CATALOGS = YES;
				MTL_ENABLE_DEBUG_INFO = NO;
				MTL_FAST_MATH = YES;
				SDKROOT = iphoneos;
				SWIFT_COMPILATION_MODE = wholemodule;
				VALIDATE_PRODUCT = YES;
			};
			name = Release;
		};
		49F152192DE4BF3200573F48 /* Debug */ = {
			isa = XCBuildConfiguration;
			buildSettings = {
				ASSETCATALOG_COMPILER_APPICON_NAME = AppIcon;
				ASSETCATALOG_COMPILER_GLOBAL_ACCENT_COLOR_NAME = AccentColor;
				CODE_SIGN_ENTITLEMENTS = reminora/reminora.entitlements;
				CODE_SIGN_STYLE = Automatic;
				CURRENT_PROJECT_VERSION = 1;
				DEVELOPMENT_ASSET_PATHS = "\"reminora/Preview Content\"";
				DEVELOPMENT_TEAM = W292XJZS37;
				ENABLE_PREVIEWS = YES;
				GENERATE_INFOPLIST_FILE = YES;
				INFOPLIST_FILE = reminora/Info.plist;
				INFOPLIST_KEY_CFBundleDisplayName = reminora;
				INFOPLIST_KEY_LSApplicationCategoryType = "public.app-category.travel";
				INFOPLIST_KEY_NSLocationWhenInUseUsageDescription = "Display position on map";
				INFOPLIST_KEY_NSPhotoLibraryUsageDescription = "Display photo library";
				INFOPLIST_KEY_UIApplicationSceneManifest_Generation = YES;
				INFOPLIST_KEY_UIApplicationSupportsIndirectInputEvents = YES;
				INFOPLIST_KEY_UILaunchScreen_Generation = YES;
				INFOPLIST_KEY_UISupportedInterfaceOrientations_iPad = "UIInterfaceOrientationPortrait UIInterfaceOrientationPortraitUpsideDown UIInterfaceOrientationLandscapeLeft UIInterfaceOrientationLandscapeRight";
				INFOPLIST_KEY_UISupportedInterfaceOrientations_iPhone = "UIInterfaceOrientationPortrait UIInterfaceOrientationLandscapeLeft UIInterfaceOrientationLandscapeRight";
				LD_RUNPATH_SEARCH_PATHS = (
					"$(inherited)",
					"@executable_path/Frameworks",
				);
				MARKETING_VERSION = 1.0;
				PRODUCT_BUNDLE_IDENTIFIER = com.alexezh.reminora;
				PRODUCT_NAME = "$(TARGET_NAME)";
				SWIFT_EMIT_LOC_STRINGS = YES;
				SWIFT_VERSION = 5.0;
				TARGETED_DEVICE_FAMILY = "1,2";
			};
			name = Debug;
		};
		49F1521A2DE4BF3200573F48 /* Release */ = {
			isa = XCBuildConfiguration;
			buildSettings = {
				ASSETCATALOG_COMPILER_APPICON_NAME = AppIcon;
				ASSETCATALOG_COMPILER_GLOBAL_ACCENT_COLOR_NAME = AccentColor;
				CODE_SIGN_ENTITLEMENTS = reminora/reminora.entitlements;
				CODE_SIGN_STYLE = Automatic;
				CURRENT_PROJECT_VERSION = 1;
				DEVELOPMENT_ASSET_PATHS = "\"reminora/Preview Content\"";
				DEVELOPMENT_TEAM = W292XJZS37;
				ENABLE_PREVIEWS = YES;
				GENERATE_INFOPLIST_FILE = YES;
				INFOPLIST_FILE = reminora/Info.plist;
				INFOPLIST_KEY_CFBundleDisplayName = reminora;
				INFOPLIST_KEY_LSApplicationCategoryType = "public.app-category.travel";
				INFOPLIST_KEY_NSLocationWhenInUseUsageDescription = "Display position on map";
				INFOPLIST_KEY_NSPhotoLibraryUsageDescription = "Display photo library";
				INFOPLIST_KEY_UIApplicationSceneManifest_Generation = YES;
				INFOPLIST_KEY_UIApplicationSupportsIndirectInputEvents = YES;
				INFOPLIST_KEY_UILaunchScreen_Generation = YES;
				INFOPLIST_KEY_UISupportedInterfaceOrientations_iPad = "UIInterfaceOrientationPortrait UIInterfaceOrientationPortraitUpsideDown UIInterfaceOrientationLandscapeLeft UIInterfaceOrientationLandscapeRight";
				INFOPLIST_KEY_UISupportedInterfaceOrientations_iPhone = "UIInterfaceOrientationPortrait UIInterfaceOrientationLandscapeLeft UIInterfaceOrientationLandscapeRight";
				LD_RUNPATH_SEARCH_PATHS = (
					"$(inherited)",
					"@executable_path/Frameworks",
				);
				MARKETING_VERSION = 1.0;
				PRODUCT_BUNDLE_IDENTIFIER = com.alexezh.reminora;
				PRODUCT_NAME = "$(TARGET_NAME)";
				SWIFT_EMIT_LOC_STRINGS = YES;
				SWIFT_VERSION = 5.0;
				TARGETED_DEVICE_FAMILY = "1,2";
			};
			name = Release;
		};
		49F1521C2DE4BF3200573F48 /* Debug */ = {
			isa = XCBuildConfiguration;
			buildSettings = {
				BUNDLE_LOADER = "$(TEST_HOST)";
				CODE_SIGN_STYLE = Automatic;
				CURRENT_PROJECT_VERSION = 1;
				GENERATE_INFOPLIST_FILE = YES;
				IPHONEOS_DEPLOYMENT_TARGET = 18.2;
				MARKETING_VERSION = 1.0;
				PRODUCT_BUNDLE_IDENTIFIER = com.alexezh.reminoraTests;
				PRODUCT_NAME = "$(TARGET_NAME)";
				SWIFT_EMIT_LOC_STRINGS = NO;
				SWIFT_VERSION = 5.0;
				TARGETED_DEVICE_FAMILY = "1,2";
				TEST_HOST = "$(BUILT_PRODUCTS_DIR)/reminora.app/$(BUNDLE_EXECUTABLE_FOLDER_PATH)/reminora";
			};
			name = Debug;
		};
		49F1521D2DE4BF3200573F48 /* Release */ = {
			isa = XCBuildConfiguration;
			buildSettings = {
				BUNDLE_LOADER = "$(TEST_HOST)";
				CODE_SIGN_STYLE = Automatic;
				CURRENT_PROJECT_VERSION = 1;
				GENERATE_INFOPLIST_FILE = YES;
				IPHONEOS_DEPLOYMENT_TARGET = 18.2;
				MARKETING_VERSION = 1.0;
				PRODUCT_BUNDLE_IDENTIFIER = com.alexezh.reminoraTests;
				PRODUCT_NAME = "$(TARGET_NAME)";
				SWIFT_EMIT_LOC_STRINGS = NO;
				SWIFT_VERSION = 5.0;
				TARGETED_DEVICE_FAMILY = "1,2";
				TEST_HOST = "$(BUILT_PRODUCTS_DIR)/reminora.app/$(BUNDLE_EXECUTABLE_FOLDER_PATH)/reminora";
			};
			name = Release;
		};
		49F1521F2DE4BF3200573F48 /* Debug */ = {
			isa = XCBuildConfiguration;
			buildSettings = {
				CODE_SIGN_STYLE = Automatic;
				CURRENT_PROJECT_VERSION = 1;
				GENERATE_INFOPLIST_FILE = YES;
				MARKETING_VERSION = 1.0;
				PRODUCT_BUNDLE_IDENTIFIER = com.alexezh.reminoraUITests;
				PRODUCT_NAME = "$(TARGET_NAME)";
				SWIFT_EMIT_LOC_STRINGS = NO;
				SWIFT_VERSION = 5.0;
				TARGETED_DEVICE_FAMILY = "1,2";
				TEST_TARGET_NAME = reminora;
			};
			name = Debug;
		};
		49F152202DE4BF3200573F48 /* Release */ = {
			isa = XCBuildConfiguration;
			buildSettings = {
				CODE_SIGN_STYLE = Automatic;
				CURRENT_PROJECT_VERSION = 1;
				GENERATE_INFOPLIST_FILE = YES;
				MARKETING_VERSION = 1.0;
				PRODUCT_BUNDLE_IDENTIFIER = com.alexezh.reminoraUITests;
				PRODUCT_NAME = "$(TARGET_NAME)";
				SWIFT_EMIT_LOC_STRINGS = NO;
				SWIFT_VERSION = 5.0;
				TARGETED_DEVICE_FAMILY = "1,2";
				TEST_TARGET_NAME = reminora;
			};
			name = Release;
		};
		49F152322DE4C42400573F48 /* Debug */ = {
			isa = XCBuildConfiguration;
			buildSettings = {
				CODE_SIGN_ENTITLEMENTS = ReminoraShareExt/ReminoraShareExt.entitlements;
				CODE_SIGN_STYLE = Automatic;
				CURRENT_PROJECT_VERSION = 1;
				DEVELOPMENT_TEAM = W292XJZS37;
				GENERATE_INFOPLIST_FILE = YES;
				INFOPLIST_FILE = ReminoraShareExt/Info.plist;
				INFOPLIST_KEY_CFBundleDisplayName = ReminoraShareExt;
				INFOPLIST_KEY_NSHumanReadableCopyright = "";
				LD_RUNPATH_SEARCH_PATHS = (
					"$(inherited)",
					"@executable_path/Frameworks",
					"@executable_path/../../Frameworks",
				);
				MARKETING_VERSION = 1.0;
				PRODUCT_BUNDLE_IDENTIFIER = com.alexezh.reminora.ReminoraShareExt;
				PRODUCT_NAME = "$(TARGET_NAME)";
				SKIP_INSTALL = YES;
				SWIFT_EMIT_LOC_STRINGS = YES;
				SWIFT_VERSION = 5.0;
				TARGETED_DEVICE_FAMILY = "1,2";
			};
			name = Debug;
		};
		49F152332DE4C42400573F48 /* Release */ = {
			isa = XCBuildConfiguration;
			buildSettings = {
				CODE_SIGN_ENTITLEMENTS = ReminoraShareExt/ReminoraShareExt.entitlements;
				CODE_SIGN_STYLE = Automatic;
				CURRENT_PROJECT_VERSION = 1;
				DEVELOPMENT_TEAM = W292XJZS37;
				GENERATE_INFOPLIST_FILE = YES;
				INFOPLIST_FILE = ReminoraShareExt/Info.plist;
				INFOPLIST_KEY_CFBundleDisplayName = ReminoraShareExt;
				INFOPLIST_KEY_NSHumanReadableCopyright = "";
				LD_RUNPATH_SEARCH_PATHS = (
					"$(inherited)",
					"@executable_path/Frameworks",
					"@executable_path/../../Frameworks",
				);
				MARKETING_VERSION = 1.0;
				PRODUCT_BUNDLE_IDENTIFIER = com.alexezh.reminora.ReminoraShareExt;
				PRODUCT_NAME = "$(TARGET_NAME)";
				SKIP_INSTALL = YES;
				SWIFT_EMIT_LOC_STRINGS = YES;
				SWIFT_VERSION = 5.0;
				TARGETED_DEVICE_FAMILY = "1,2";
			};
			name = Release;
		};
/* End XCBuildConfiguration section */

/* Begin XCConfigurationList section */
		49F151EA2DE4BF3100573F48 /* Build configuration list for PBXProject "reminora" */ = {
			isa = XCConfigurationList;
			buildConfigurations = (
				49F152162DE4BF3200573F48 /* Debug */,
				49F152172DE4BF3200573F48 /* Release */,
			);
			defaultConfigurationIsVisible = 0;
			defaultConfigurationName = Release;
		};
		49F152182DE4BF3200573F48 /* Build configuration list for PBXNativeTarget "reminora" */ = {
			isa = XCConfigurationList;
			buildConfigurations = (
				49F152192DE4BF3200573F48 /* Debug */,
				49F1521A2DE4BF3200573F48 /* Release */,
			);
			defaultConfigurationIsVisible = 0;
			defaultConfigurationName = Release;
		};
		49F1521B2DE4BF3200573F48 /* Build configuration list for PBXNativeTarget "wahiTests" */ = {
			isa = XCConfigurationList;
			buildConfigurations = (
				49F1521C2DE4BF3200573F48 /* Debug */,
				49F1521D2DE4BF3200573F48 /* Release */,
			);
			defaultConfigurationIsVisible = 0;
			defaultConfigurationName = Release;
		};
		49F1521E2DE4BF3200573F48 /* Build configuration list for PBXNativeTarget "wahiUITests" */ = {
			isa = XCConfigurationList;
			buildConfigurations = (
				49F1521F2DE4BF3200573F48 /* Debug */,
				49F152202DE4BF3200573F48 /* Release */,
			);
			defaultConfigurationIsVisible = 0;
			defaultConfigurationName = Release;
		};
		49F152312DE4C42400573F48 /* Build configuration list for PBXNativeTarget "ReminoraShareExt" */ = {
			isa = XCConfigurationList;
			buildConfigurations = (
				49F152322DE4C42400573F48 /* Debug */,
				49F152332DE4C42400573F48 /* Release */,
			);
			defaultConfigurationIsVisible = 0;
			defaultConfigurationName = Release;
		};
/* End XCConfigurationList section */

/* Begin XCRemoteSwiftPackageReference section */
		49D0F56C2E1D5B6D004BABB0 /* XCRemoteSwiftPackageReference "GoogleSignIn-iOS" */ = {
			isa = XCRemoteSwiftPackageReference;
			repositoryURL = "https://github.com/google/GoogleSignIn-iOS";
			requirement = {
				kind = upToNextMajorVersion;
				minimumVersion = 9.0.0;
			};
		};
		49FB00012E2FFBBB004BABB0 /* XCRemoteSwiftPackageReference "facebook-ios-sdk" */ = {
			isa = XCRemoteSwiftPackageReference;
			repositoryURL = "https://github.com/facebook/facebook-ios-sdk";
			requirement = {
				kind = upToNextMajorVersion;
				minimumVersion = 17.0.0;
			};
		};
/* End XCRemoteSwiftPackageReference section */

/* Begin XCSwiftPackageProductDependency section */
		49D0F5722E1DE50F004BABB0 /* GoogleSignIn */ = {
			isa = XCSwiftPackageProductDependency;
			package = 49D0F56C2E1D5B6D004BABB0 /* XCRemoteSwiftPackageReference "GoogleSignIn-iOS" */;
			productName = GoogleSignIn;
		};
		49FB00022E2FFBBB004BABB0 /* FacebookLogin */ = {
			isa = XCSwiftPackageProductDependency;
			package = 49FB00012E2FFBBB004BABB0 /* XCRemoteSwiftPackageReference "facebook-ios-sdk" */;
			productName = FacebookLogin;
		};
		49FB00042E2FFBBB004BABB0 /* FacebookCore */ = {
			isa = XCSwiftPackageProductDependency;
			package = 49FB00012E2FFBBB004BABB0 /* XCRemoteSwiftPackageReference "facebook-ios-sdk" */;
			productName = FacebookCore;
		};
/* End XCSwiftPackageProductDependency section */

/* Begin XCVersionGroup section */
		49F1523B2DE4CE0700573F48 /* places.xcdatamodeld */ = {
			isa = XCVersionGroup;
			children = (
				49F1523C2DE4CE0700573F48 /* places.xcdatamodel */,
			);
			currentVersion = 49F1523C2DE4CE0700573F48 /* places.xcdatamodel */;
			path = places.xcdatamodeld;
			sourceTree = "<group>";
			versionGroupType = wrapper.xcdatamodel;
		};
/* End XCVersionGroup section */
	};
	rootObject = 49F151E72DE4BF3100573F48 /* Project object */;
}
